
Microsoft Visual Studio Solution File, Format Version 12.00
# Visual Studio 15
Project("{FAE04EC0-301F-11D3-BF4B-00C04F79EFBC}") = "BlackMenCodingGitHub", "BlackMenCodingGitHub.csproj", "{239824C7-217B-4900-ABDB-5DB15EB9F4D2}"
EndProject
Global
	GlobalSection(SolutionConfigurationPlatforms) = preSolution
		Debug|anycpu = Debug|anycpu
		Release|anycpu = Release|anycpu
	EndGlobalSection
	GlobalSection(ProjectConfigurationPlatforms) = postSolution
		{239824C7-217B-4900-ABDB-5DB15EB9F4D2}.Debug|anycpu.ActiveCfg = Debug|anycpu
		{239824C7-217B-4900-ABDB-5DB15EB9F4D2}.Debug|anycpu.Build.0 = Debug|anycpu
		{239824C7-217B-4900-ABDB-5DB15EB9F4D2}.Release|anycpu.ActiveCfg = Release|anycpu
		{239824C7-217B-4900-ABDB-5DB15EB9F4D2}.Release|anycpu.Build.0 = Release|anycpu
	EndGlobalSection
EndGlobal
